// !$*UTF8*$!
{
	archiveVersion = 1;
	classes = {
	};
	objectVersion = 51;
	objects = {

/* Begin PBXBuildFile section */
		430AE4D08C74AF824DDB64E1 /* Pods_NetmeraSampleNotificationServiceExtension.framework in Frameworks */ = {isa = PBXBuildFile; fileRef = 12D91DB1FDEC6850F889D660 /* Pods_NetmeraSampleNotificationServiceExtension.framework */; };
		59359143C734E3AE5EAF3D48 /* Pods_NetmeraSampleNotificationContentExtension.framework in Frameworks */ = {isa = PBXBuildFile; fileRef = 691CE455B5C451D813F88BF3 /* Pods_NetmeraSampleNotificationContentExtension.framework */; };
		642098C8558DB18D26030BB9 /* Pods_NetmeraSampleTests.framework in Frameworks */ = {isa = PBXBuildFile; fileRef = BDED71C3262FFBC203C7A7C7 /* Pods_NetmeraSampleTests.framework */; };
		6CCD844D400AFB55CBC24A2E /* Pods_NetmeraSample.framework in Frameworks */ = {isa = PBXBuildFile; fileRef = 2EF679DB2FB230E67F027DEB /* Pods_NetmeraSample.framework */; };
		F53419C62448521A0026A4DA /* UserNotifications.framework in Frameworks */ = {isa = PBXBuildFile; fileRef = F53419C52448521A0026A4DA /* UserNotifications.framework */; };
		F53419C82448521A0026A4DA /* UserNotificationsUI.framework in Frameworks */ = {isa = PBXBuildFile; fileRef = F53419C72448521A0026A4DA /* UserNotificationsUI.framework */; };
		F53419CB2448521A0026A4DA /* NotificationViewController.swift in Sources */ = {isa = PBXBuildFile; fileRef = F53419CA2448521A0026A4DA /* NotificationViewController.swift */; };
		F53419CE2448521A0026A4DA /* MainInterface.storyboard in Resources */ = {isa = PBXBuildFile; fileRef = F53419CC2448521A0026A4DA /* MainInterface.storyboard */; };
		F53419D22448521A0026A4DA /* NetmeraSampleNotificationContentExtension.appex in Embed App Extensions */ = {isa = PBXBuildFile; fileRef = F53419C42448521A0026A4DA /* NetmeraSampleNotificationContentExtension.appex */; settings = {ATTRIBUTES = (RemoveHeadersOnCopy, ); }; };
		F53419DE2448522E0026A4DA /* NotificationService.swift in Sources */ = {isa = PBXBuildFile; fileRef = F53419DD2448522E0026A4DA /* NotificationService.swift */; };
		F53419E22448522E0026A4DA /* NetmeraSampleNotificationServiceExtension.appex in Embed App Extensions */ = {isa = PBXBuildFile; fileRef = F53419DB2448522E0026A4DA /* NetmeraSampleNotificationServiceExtension.appex */; settings = {ATTRIBUTES = (RemoveHeadersOnCopy, ); }; };
		F53419EF24487E4D0026A4DA /* InboxViewController.swift in Sources */ = {isa = PBXBuildFile; fileRef = F53419ED24487E4D0026A4DA /* InboxViewController.swift */; };
		F53419F024487E4D0026A4DA /* InboxViewController.xib in Resources */ = {isa = PBXBuildFile; fileRef = F53419EE24487E4D0026A4DA /* InboxViewController.xib */; };
		F53419F324487EE80026A4DA /* InboxTableViewCell.swift in Sources */ = {isa = PBXBuildFile; fileRef = F53419F124487EE80026A4DA /* InboxTableViewCell.swift */; };
		F53419F424487EE80026A4DA /* InboxTableViewCell.xib in Resources */ = {isa = PBXBuildFile; fileRef = F53419F224487EE80026A4DA /* InboxTableViewCell.xib */; };
		F5D786D42448411400739D6D /* AppDelegate.swift in Sources */ = {isa = PBXBuildFile; fileRef = F5D786D32448411400739D6D /* AppDelegate.swift */; };
		F5D786D62448411500739D6D /* SceneDelegate.swift in Sources */ = {isa = PBXBuildFile; fileRef = F5D786D52448411500739D6D /* SceneDelegate.swift */; };
		F5D786D82448411500739D6D /* ViewController.swift in Sources */ = {isa = PBXBuildFile; fileRef = F5D786D72448411500739D6D /* ViewController.swift */; };
		F5D786DB2448411500739D6D /* Main.storyboard in Resources */ = {isa = PBXBuildFile; fileRef = F5D786D92448411500739D6D /* Main.storyboard */; };
		F5D786DD2448411700739D6D /* Assets.xcassets in Resources */ = {isa = PBXBuildFile; fileRef = F5D786DC2448411700739D6D /* Assets.xcassets */; };
		F5D786E02448411700739D6D /* LaunchScreen.storyboard in Resources */ = {isa = PBXBuildFile; fileRef = F5D786DE2448411700739D6D /* LaunchScreen.storyboard */; };
		F5D786EB2448411800739D6D /* NetmeraSampleTests.swift in Sources */ = {isa = PBXBuildFile; fileRef = F5D786EA2448411800739D6D /* NetmeraSampleTests.swift */; };
		F5D786F62448411800739D6D /* NetmeraSampleUITests.swift in Sources */ = {isa = PBXBuildFile; fileRef = F5D786F52448411800739D6D /* NetmeraSampleUITests.swift */; };
/* End PBXBuildFile section */

/* Begin PBXContainerItemProxy section */
		F53419D02448521A0026A4DA /* PBXContainerItemProxy */ = {
			isa = PBXContainerItemProxy;
			containerPortal = F5D786C82448411400739D6D /* Project object */;
			proxyType = 1;
			remoteGlobalIDString = F53419C32448521A0026A4DA;
			remoteInfo = NetmeraSampleNotificationContentExtension;
		};
		F53419E02448522E0026A4DA /* PBXContainerItemProxy */ = {
			isa = PBXContainerItemProxy;
			containerPortal = F5D786C82448411400739D6D /* Project object */;
			proxyType = 1;
			remoteGlobalIDString = F53419DA2448522E0026A4DA;
			remoteInfo = NetmeraSampleNotificationServiceExtension;
		};
		F5D786E72448411800739D6D /* PBXContainerItemProxy */ = {
			isa = PBXContainerItemProxy;
			containerPortal = F5D786C82448411400739D6D /* Project object */;
			proxyType = 1;
			remoteGlobalIDString = F5D786CF2448411400739D6D;
			remoteInfo = NetmeraSample;
		};
		F5D786F22448411800739D6D /* PBXContainerItemProxy */ = {
			isa = PBXContainerItemProxy;
			containerPortal = F5D786C82448411400739D6D /* Project object */;
			proxyType = 1;
			remoteGlobalIDString = F5D786CF2448411400739D6D;
			remoteInfo = NetmeraSample;
		};
/* End PBXContainerItemProxy section */

/* Begin PBXCopyFilesBuildPhase section */
		F53419D62448521A0026A4DA /* Embed App Extensions */ = {
			isa = PBXCopyFilesBuildPhase;
			buildActionMask = 2147483647;
			dstPath = "";
			dstSubfolderSpec = 13;
			files = (
				F53419E22448522E0026A4DA /* NetmeraSampleNotificationServiceExtension.appex in Embed App Extensions */,
				F53419D22448521A0026A4DA /* NetmeraSampleNotificationContentExtension.appex in Embed App Extensions */,
			);
			name = "Embed App Extensions";
			runOnlyForDeploymentPostprocessing = 0;
		};
/* End PBXCopyFilesBuildPhase section */

/* Begin PBXFileReference section */
		12D91DB1FDEC6850F889D660 /* Pods_NetmeraSampleNotificationServiceExtension.framework */ = {isa = PBXFileReference; explicitFileType = wrapper.framework; includeInIndex = 0; path = Pods_NetmeraSampleNotificationServiceExtension.framework; sourceTree = BUILT_PRODUCTS_DIR; };
		2EF679DB2FB230E67F027DEB /* Pods_NetmeraSample.framework */ = {isa = PBXFileReference; explicitFileType = wrapper.framework; includeInIndex = 0; path = Pods_NetmeraSample.framework; sourceTree = BUILT_PRODUCTS_DIR; };
		691CE455B5C451D813F88BF3 /* Pods_NetmeraSampleNotificationContentExtension.framework */ = {isa = PBXFileReference; explicitFileType = wrapper.framework; includeInIndex = 0; path = Pods_NetmeraSampleNotificationContentExtension.framework; sourceTree = BUILT_PRODUCTS_DIR; };
		79F2EE1270C5786BCCBC7BC3 /* Pods-NetmeraSampleTests.release.xcconfig */ = {isa = PBXFileReference; includeInIndex = 1; lastKnownFileType = text.xcconfig; name = "Pods-NetmeraSampleTests.release.xcconfig"; path = "Target Support Files/Pods-NetmeraSampleTests/Pods-NetmeraSampleTests.release.xcconfig"; sourceTree = "<group>"; };
		7A777EE4632D2E4343017C04 /* Pods-NetmeraSampleNotificationServiceExtension.release.xcconfig */ = {isa = PBXFileReference; includeInIndex = 1; lastKnownFileType = text.xcconfig; name = "Pods-NetmeraSampleNotificationServiceExtension.release.xcconfig"; path = "Target Support Files/Pods-NetmeraSampleNotificationServiceExtension/Pods-NetmeraSampleNotificationServiceExtension.release.xcconfig"; sourceTree = "<group>"; };
		7EEDCC59510BAD05633D632F /* Pods-NetmeraSample.debug.xcconfig */ = {isa = PBXFileReference; includeInIndex = 1; lastKnownFileType = text.xcconfig; name = "Pods-NetmeraSample.debug.xcconfig"; path = "Target Support Files/Pods-NetmeraSample/Pods-NetmeraSample.debug.xcconfig"; sourceTree = "<group>"; };
		A77017613DCAD55EEFBA7485 /* Pods-NetmeraSampleNotificationServiceExtension.debug.xcconfig */ = {isa = PBXFileReference; includeInIndex = 1; lastKnownFileType = text.xcconfig; name = "Pods-NetmeraSampleNotificationServiceExtension.debug.xcconfig"; path = "Target Support Files/Pods-NetmeraSampleNotificationServiceExtension/Pods-NetmeraSampleNotificationServiceExtension.debug.xcconfig"; sourceTree = "<group>"; };
		B84CEEB886CD53BDF90C782D /* Pods-NetmeraSampleNotificationContentExtension.debug.xcconfig */ = {isa = PBXFileReference; includeInIndex = 1; lastKnownFileType = text.xcconfig; name = "Pods-NetmeraSampleNotificationContentExtension.debug.xcconfig"; path = "Target Support Files/Pods-NetmeraSampleNotificationContentExtension/Pods-NetmeraSampleNotificationContentExtension.debug.xcconfig"; sourceTree = "<group>"; };
		BDED71C3262FFBC203C7A7C7 /* Pods_NetmeraSampleTests.framework */ = {isa = PBXFileReference; explicitFileType = wrapper.framework; includeInIndex = 0; path = Pods_NetmeraSampleTests.framework; sourceTree = BUILT_PRODUCTS_DIR; };
		C2B1B70A1E34703A4777F8FC /* Pods-NetmeraSample.release.xcconfig */ = {isa = PBXFileReference; includeInIndex = 1; lastKnownFileType = text.xcconfig; name = "Pods-NetmeraSample.release.xcconfig"; path = "Target Support Files/Pods-NetmeraSample/Pods-NetmeraSample.release.xcconfig"; sourceTree = "<group>"; };
		CD96B9780B2BAA44AF157AAD /* Pods-NetmeraSampleTests.debug.xcconfig */ = {isa = PBXFileReference; includeInIndex = 1; lastKnownFileType = text.xcconfig; name = "Pods-NetmeraSampleTests.debug.xcconfig"; path = "Target Support Files/Pods-NetmeraSampleTests/Pods-NetmeraSampleTests.debug.xcconfig"; sourceTree = "<group>"; };
		D1EFF4D4E657EF36708A9AF1 /* Pods-NetmeraSampleNotificationContentExtension.release.xcconfig */ = {isa = PBXFileReference; includeInIndex = 1; lastKnownFileType = text.xcconfig; name = "Pods-NetmeraSampleNotificationContentExtension.release.xcconfig"; path = "Target Support Files/Pods-NetmeraSampleNotificationContentExtension/Pods-NetmeraSampleNotificationContentExtension.release.xcconfig"; sourceTree = "<group>"; };
		F53419BF2448502F0026A4DA /* NetmeraSample.entitlements */ = {isa = PBXFileReference; lastKnownFileType = text.plist.entitlements; path = NetmeraSample.entitlements; sourceTree = "<group>"; };
		F53419C42448521A0026A4DA /* NetmeraSampleNotificationContentExtension.appex */ = {isa = PBXFileReference; explicitFileType = "wrapper.app-extension"; includeInIndex = 0; path = NetmeraSampleNotificationContentExtension.appex; sourceTree = BUILT_PRODUCTS_DIR; };
		F53419C52448521A0026A4DA /* UserNotifications.framework */ = {isa = PBXFileReference; lastKnownFileType = wrapper.framework; name = UserNotifications.framework; path = System/Library/Frameworks/UserNotifications.framework; sourceTree = SDKROOT; };
		F53419C72448521A0026A4DA /* UserNotificationsUI.framework */ = {isa = PBXFileReference; lastKnownFileType = wrapper.framework; name = UserNotificationsUI.framework; path = System/Library/Frameworks/UserNotificationsUI.framework; sourceTree = SDKROOT; };
		F53419CA2448521A0026A4DA /* NotificationViewController.swift */ = {isa = PBXFileReference; lastKnownFileType = sourcecode.swift; path = NotificationViewController.swift; sourceTree = "<group>"; };
		F53419CD2448521A0026A4DA /* Base */ = {isa = PBXFileReference; lastKnownFileType = file.storyboard; name = Base; path = Base.lproj/MainInterface.storyboard; sourceTree = "<group>"; };
		F53419CF2448521A0026A4DA /* Info.plist */ = {isa = PBXFileReference; lastKnownFileType = text.plist.xml; path = Info.plist; sourceTree = "<group>"; };
		F53419DB2448522E0026A4DA /* NetmeraSampleNotificationServiceExtension.appex */ = {isa = PBXFileReference; explicitFileType = "wrapper.app-extension"; includeInIndex = 0; path = NetmeraSampleNotificationServiceExtension.appex; sourceTree = BUILT_PRODUCTS_DIR; };
		F53419DD2448522E0026A4DA /* NotificationService.swift */ = {isa = PBXFileReference; lastKnownFileType = sourcecode.swift; path = NotificationService.swift; sourceTree = "<group>"; };
		F53419DF2448522E0026A4DA /* Info.plist */ = {isa = PBXFileReference; lastKnownFileType = text.plist.xml; path = Info.plist; sourceTree = "<group>"; };
		F53419EC244857230026A4DA /* NetmeraSampleNotificationContentExtension.entitlements */ = {isa = PBXFileReference; lastKnownFileType = text.plist.entitlements; path = NetmeraSampleNotificationContentExtension.entitlements; sourceTree = "<group>"; };
		F53419ED24487E4D0026A4DA /* InboxViewController.swift */ = {isa = PBXFileReference; lastKnownFileType = sourcecode.swift; path = InboxViewController.swift; sourceTree = "<group>"; };
		F53419EE24487E4D0026A4DA /* InboxViewController.xib */ = {isa = PBXFileReference; lastKnownFileType = file.xib; path = InboxViewController.xib; sourceTree = "<group>"; };
		F53419F124487EE80026A4DA /* InboxTableViewCell.swift */ = {isa = PBXFileReference; lastKnownFileType = sourcecode.swift; path = InboxTableViewCell.swift; sourceTree = "<group>"; };
		F53419F224487EE80026A4DA /* InboxTableViewCell.xib */ = {isa = PBXFileReference; lastKnownFileType = file.xib; path = InboxTableViewCell.xib; sourceTree = "<group>"; };
		F5D786D02448411400739D6D /* NetmeraSample.app */ = {isa = PBXFileReference; explicitFileType = wrapper.application; includeInIndex = 0; path = NetmeraSample.app; sourceTree = BUILT_PRODUCTS_DIR; };
		F5D786D32448411400739D6D /* AppDelegate.swift */ = {isa = PBXFileReference; lastKnownFileType = sourcecode.swift; path = AppDelegate.swift; sourceTree = "<group>"; };
		F5D786D52448411500739D6D /* SceneDelegate.swift */ = {isa = PBXFileReference; lastKnownFileType = sourcecode.swift; path = SceneDelegate.swift; sourceTree = "<group>"; };
		F5D786D72448411500739D6D /* ViewController.swift */ = {isa = PBXFileReference; lastKnownFileType = sourcecode.swift; path = ViewController.swift; sourceTree = "<group>"; };
		F5D786DA2448411500739D6D /* Base */ = {isa = PBXFileReference; lastKnownFileType = file.storyboard; name = Base; path = Base.lproj/Main.storyboard; sourceTree = "<group>"; };
		F5D786DC2448411700739D6D /* Assets.xcassets */ = {isa = PBXFileReference; lastKnownFileType = folder.assetcatalog; path = Assets.xcassets; sourceTree = "<group>"; };
		F5D786DF2448411700739D6D /* Base */ = {isa = PBXFileReference; lastKnownFileType = file.storyboard; name = Base; path = Base.lproj/LaunchScreen.storyboard; sourceTree = "<group>"; };
		F5D786E12448411700739D6D /* Info.plist */ = {isa = PBXFileReference; lastKnownFileType = text.plist.xml; path = Info.plist; sourceTree = "<group>"; };
		F5D786E62448411800739D6D /* NetmeraSampleTests.xctest */ = {isa = PBXFileReference; explicitFileType = wrapper.cfbundle; includeInIndex = 0; path = NetmeraSampleTests.xctest; sourceTree = BUILT_PRODUCTS_DIR; };
		F5D786EA2448411800739D6D /* NetmeraSampleTests.swift */ = {isa = PBXFileReference; lastKnownFileType = sourcecode.swift; path = NetmeraSampleTests.swift; sourceTree = "<group>"; };
		F5D786EC2448411800739D6D /* Info.plist */ = {isa = PBXFileReference; lastKnownFileType = text.plist.xml; path = Info.plist; sourceTree = "<group>"; };
		F5D786F12448411800739D6D /* NetmeraSampleUITests.xctest */ = {isa = PBXFileReference; explicitFileType = wrapper.cfbundle; includeInIndex = 0; path = NetmeraSampleUITests.xctest; sourceTree = BUILT_PRODUCTS_DIR; };
		F5D786F52448411800739D6D /* NetmeraSampleUITests.swift */ = {isa = PBXFileReference; lastKnownFileType = sourcecode.swift; path = NetmeraSampleUITests.swift; sourceTree = "<group>"; };
		F5D786F72448411800739D6D /* Info.plist */ = {isa = PBXFileReference; lastKnownFileType = text.plist.xml; path = Info.plist; sourceTree = "<group>"; };
/* End PBXFileReference section */

/* Begin PBXFrameworksBuildPhase section */
		F53419C12448521A0026A4DA /* Frameworks */ = {
			isa = PBXFrameworksBuildPhase;
			buildActionMask = 2147483647;
			files = (
				F53419C82448521A0026A4DA /* UserNotificationsUI.framework in Frameworks */,
				F53419C62448521A0026A4DA /* UserNotifications.framework in Frameworks */,
				59359143C734E3AE5EAF3D48 /* Pods_NetmeraSampleNotificationContentExtension.framework in Frameworks */,
			);
			runOnlyForDeploymentPostprocessing = 0;
		};
		F53419D82448522E0026A4DA /* Frameworks */ = {
			isa = PBXFrameworksBuildPhase;
			buildActionMask = 2147483647;
			files = (
				430AE4D08C74AF824DDB64E1 /* Pods_NetmeraSampleNotificationServiceExtension.framework in Frameworks */,
			);
			runOnlyForDeploymentPostprocessing = 0;
		};
		F5D786CD2448411400739D6D /* Frameworks */ = {
			isa = PBXFrameworksBuildPhase;
			buildActionMask = 2147483647;
			files = (
				6CCD844D400AFB55CBC24A2E /* Pods_NetmeraSample.framework in Frameworks */,
			);
			runOnlyForDeploymentPostprocessing = 0;
		};
		F5D786E32448411800739D6D /* Frameworks */ = {
			isa = PBXFrameworksBuildPhase;
			buildActionMask = 2147483647;
			files = (
				642098C8558DB18D26030BB9 /* Pods_NetmeraSampleTests.framework in Frameworks */,
			);
			runOnlyForDeploymentPostprocessing = 0;
		};
		F5D786EE2448411800739D6D /* Frameworks */ = {
			isa = PBXFrameworksBuildPhase;
			buildActionMask = 2147483647;
			files = (
			);
			runOnlyForDeploymentPostprocessing = 0;
		};
/* End PBXFrameworksBuildPhase section */

/* Begin PBXGroup section */
		2EAE1EF7E8ED44FA5B809DB5 /* Pods */ = {
			isa = PBXGroup;
			children = (
				7EEDCC59510BAD05633D632F /* Pods-NetmeraSample.debug.xcconfig */,
				C2B1B70A1E34703A4777F8FC /* Pods-NetmeraSample.release.xcconfig */,
				B84CEEB886CD53BDF90C782D /* Pods-NetmeraSampleNotificationContentExtension.debug.xcconfig */,
				D1EFF4D4E657EF36708A9AF1 /* Pods-NetmeraSampleNotificationContentExtension.release.xcconfig */,
				A77017613DCAD55EEFBA7485 /* Pods-NetmeraSampleNotificationServiceExtension.debug.xcconfig */,
				7A777EE4632D2E4343017C04 /* Pods-NetmeraSampleNotificationServiceExtension.release.xcconfig */,
				CD96B9780B2BAA44AF157AAD /* Pods-NetmeraSampleTests.debug.xcconfig */,
				79F2EE1270C5786BCCBC7BC3 /* Pods-NetmeraSampleTests.release.xcconfig */,
			);
			path = Pods;
			sourceTree = "<group>";
		};
		6CCE4284C70C768924706EF3 /* Frameworks */ = {
			isa = PBXGroup;
			children = (
				F53419C52448521A0026A4DA /* UserNotifications.framework */,
				F53419C72448521A0026A4DA /* UserNotificationsUI.framework */,
				2EF679DB2FB230E67F027DEB /* Pods_NetmeraSample.framework */,
				691CE455B5C451D813F88BF3 /* Pods_NetmeraSampleNotificationContentExtension.framework */,
				12D91DB1FDEC6850F889D660 /* Pods_NetmeraSampleNotificationServiceExtension.framework */,
				BDED71C3262FFBC203C7A7C7 /* Pods_NetmeraSampleTests.framework */,
			);
			name = Frameworks;
			sourceTree = "<group>";
		};
		F53419C92448521A0026A4DA /* NetmeraSampleNotificationContentExtension */ = {
			isa = PBXGroup;
			children = (
				F53419EC244857230026A4DA /* NetmeraSampleNotificationContentExtension.entitlements */,
				F53419CA2448521A0026A4DA /* NotificationViewController.swift */,
				F53419CC2448521A0026A4DA /* MainInterface.storyboard */,
				F53419CF2448521A0026A4DA /* Info.plist */,
			);
			path = NetmeraSampleNotificationContentExtension;
			sourceTree = "<group>";
		};
		F53419DC2448522E0026A4DA /* NetmeraSampleNotificationServiceExtension */ = {
			isa = PBXGroup;
			children = (
				F53419DD2448522E0026A4DA /* NotificationService.swift */,
				F53419DF2448522E0026A4DA /* Info.plist */,
			);
			path = NetmeraSampleNotificationServiceExtension;
			sourceTree = "<group>";
		};
		F53419F5244880F40026A4DA /* Inbox */ = {
			isa = PBXGroup;
			children = (
				F53419ED24487E4D0026A4DA /* InboxViewController.swift */,
				F53419EE24487E4D0026A4DA /* InboxViewController.xib */,
				F53419F124487EE80026A4DA /* InboxTableViewCell.swift */,
				F53419F224487EE80026A4DA /* InboxTableViewCell.xib */,
			);
			path = Inbox;
			sourceTree = "<group>";
		};
		F5D786C72448411400739D6D = {
			isa = PBXGroup;
			children = (
				F5D786D22448411400739D6D /* NetmeraSample */,
				F5D786E92448411800739D6D /* NetmeraSampleTests */,
				F5D786F42448411800739D6D /* NetmeraSampleUITests */,
				F53419C92448521A0026A4DA /* NetmeraSampleNotificationContentExtension */,
				F53419DC2448522E0026A4DA /* NetmeraSampleNotificationServiceExtension */,
				F5D786D12448411400739D6D /* Products */,
				2EAE1EF7E8ED44FA5B809DB5 /* Pods */,
				6CCE4284C70C768924706EF3 /* Frameworks */,
			);
			sourceTree = "<group>";
		};
		F5D786D12448411400739D6D /* Products */ = {
			isa = PBXGroup;
			children = (
				F5D786D02448411400739D6D /* NetmeraSample.app */,
				F5D786E62448411800739D6D /* NetmeraSampleTests.xctest */,
				F5D786F12448411800739D6D /* NetmeraSampleUITests.xctest */,
				F53419C42448521A0026A4DA /* NetmeraSampleNotificationContentExtension.appex */,
				F53419DB2448522E0026A4DA /* NetmeraSampleNotificationServiceExtension.appex */,
			);
			name = Products;
			sourceTree = "<group>";
		};
		F5D786D22448411400739D6D /* NetmeraSample */ = {
			isa = PBXGroup;
			children = (
				F53419BF2448502F0026A4DA /* NetmeraSample.entitlements */,
				F5D786D32448411400739D6D /* AppDelegate.swift */,
				F5D786D52448411500739D6D /* SceneDelegate.swift */,
				F5D786D72448411500739D6D /* ViewController.swift */,
				F53419F5244880F40026A4DA /* Inbox */,
				F5D786D92448411500739D6D /* Main.storyboard */,
				F5D786DC2448411700739D6D /* Assets.xcassets */,
				F5D786DE2448411700739D6D /* LaunchScreen.storyboard */,
				F5D786E12448411700739D6D /* Info.plist */,
			);
			path = NetmeraSample;
			sourceTree = "<group>";
		};
		F5D786E92448411800739D6D /* NetmeraSampleTests */ = {
			isa = PBXGroup;
			children = (
				F5D786EA2448411800739D6D /* NetmeraSampleTests.swift */,
				F5D786EC2448411800739D6D /* Info.plist */,
			);
			path = NetmeraSampleTests;
			sourceTree = "<group>";
		};
		F5D786F42448411800739D6D /* NetmeraSampleUITests */ = {
			isa = PBXGroup;
			children = (
				F5D786F52448411800739D6D /* NetmeraSampleUITests.swift */,
				F5D786F72448411800739D6D /* Info.plist */,
			);
			path = NetmeraSampleUITests;
			sourceTree = "<group>";
		};
/* End PBXGroup section */

/* Begin PBXNativeTarget section */
		F53419C32448521A0026A4DA /* NetmeraSampleNotificationContentExtension */ = {
			isa = PBXNativeTarget;
			buildConfigurationList = F53419D32448521A0026A4DA /* Build configuration list for PBXNativeTarget "NetmeraSampleNotificationContentExtension" */;
			buildPhases = (
				EA8F3CDCF0913EFA8DF02029 /* [CP] Check Pods Manifest.lock */,
				F53419C02448521A0026A4DA /* Sources */,
				F53419C12448521A0026A4DA /* Frameworks */,
				F53419C22448521A0026A4DA /* Resources */,
			);
			buildRules = (
			);
			dependencies = (
			);
			name = NetmeraSampleNotificationContentExtension;
			productName = NetmeraSampleNotificationContentExtension;
			productReference = F53419C42448521A0026A4DA /* NetmeraSampleNotificationContentExtension.appex */;
			productType = "com.apple.product-type.app-extension";
		};
		F53419DA2448522E0026A4DA /* NetmeraSampleNotificationServiceExtension */ = {
			isa = PBXNativeTarget;
			buildConfigurationList = F53419E32448522E0026A4DA /* Build configuration list for PBXNativeTarget "NetmeraSampleNotificationServiceExtension" */;
			buildPhases = (
				F099E6F469140EA6C19AA969 /* [CP] Check Pods Manifest.lock */,
				F53419D72448522E0026A4DA /* Sources */,
				F53419D82448522E0026A4DA /* Frameworks */,
				F53419D92448522E0026A4DA /* Resources */,
			);
			buildRules = (
			);
			dependencies = (
			);
			name = NetmeraSampleNotificationServiceExtension;
			productName = NetmeraSampleNotificationServiceExtension;
			productReference = F53419DB2448522E0026A4DA /* NetmeraSampleNotificationServiceExtension.appex */;
			productType = "com.apple.product-type.app-extension";
		};
		F5D786CF2448411400739D6D /* NetmeraSample */ = {
			isa = PBXNativeTarget;
			buildConfigurationList = F5D786FA2448411800739D6D /* Build configuration list for PBXNativeTarget "NetmeraSample" */;
			buildPhases = (
				C96C73611FD1636C124E8C83 /* [CP] Check Pods Manifest.lock */,
				F5D786CC2448411400739D6D /* Sources */,
				F5D786CD2448411400739D6D /* Frameworks */,
				F5D786CE2448411400739D6D /* Resources */,
				F53419D62448521A0026A4DA /* Embed App Extensions */,
				380DF6A6C47517A4911FE384 /* [CP] Embed Pods Frameworks */,
			);
			buildRules = (
			);
			dependencies = (
				F53419D12448521A0026A4DA /* PBXTargetDependency */,
				F53419E12448522E0026A4DA /* PBXTargetDependency */,
			);
			name = NetmeraSample;
			productName = NetmeraSample;
			productReference = F5D786D02448411400739D6D /* NetmeraSample.app */;
			productType = "com.apple.product-type.application";
		};
		F5D786E52448411800739D6D /* NetmeraSampleTests */ = {
			isa = PBXNativeTarget;
			buildConfigurationList = F5D786FD2448411800739D6D /* Build configuration list for PBXNativeTarget "NetmeraSampleTests" */;
			buildPhases = (
				1A1CB7CE8C56557330390FE8 /* [CP] Check Pods Manifest.lock */,
				F5D786E22448411800739D6D /* Sources */,
				F5D786E32448411800739D6D /* Frameworks */,
				F5D786E42448411800739D6D /* Resources */,
			);
			buildRules = (
			);
			dependencies = (
				F5D786E82448411800739D6D /* PBXTargetDependency */,
			);
			name = NetmeraSampleTests;
			productName = NetmeraSampleTests;
			productReference = F5D786E62448411800739D6D /* NetmeraSampleTests.xctest */;
			productType = "com.apple.product-type.bundle.unit-test";
		};
		F5D786F02448411800739D6D /* NetmeraSampleUITests */ = {
			isa = PBXNativeTarget;
			buildConfigurationList = F5D787002448411800739D6D /* Build configuration list for PBXNativeTarget "NetmeraSampleUITests" */;
			buildPhases = (
				F5D786ED2448411800739D6D /* Sources */,
				F5D786EE2448411800739D6D /* Frameworks */,
				F5D786EF2448411800739D6D /* Resources */,
			);
			buildRules = (
			);
			dependencies = (
				F5D786F32448411800739D6D /* PBXTargetDependency */,
			);
			name = NetmeraSampleUITests;
			productName = NetmeraSampleUITests;
			productReference = F5D786F12448411800739D6D /* NetmeraSampleUITests.xctest */;
			productType = "com.apple.product-type.bundle.ui-testing";
		};
/* End PBXNativeTarget section */

/* Begin PBXProject section */
		F5D786C82448411400739D6D /* Project object */ = {
			isa = PBXProject;
			attributes = {
				LastSwiftUpdateCheck = 1140;
				LastUpgradeCheck = 1140;
				ORGANIZATIONNAME = Netmera;
				TargetAttributes = {
					F53419C32448521A0026A4DA = {
						CreatedOnToolsVersion = 11.4;
					};
					F53419DA2448522E0026A4DA = {
						CreatedOnToolsVersion = 11.4;
					};
					F5D786CF2448411400739D6D = {
						CreatedOnToolsVersion = 11.4;
					};
					F5D786E52448411800739D6D = {
						CreatedOnToolsVersion = 11.4;
						TestTargetID = F5D786CF2448411400739D6D;
					};
					F5D786F02448411800739D6D = {
						CreatedOnToolsVersion = 11.4;
						TestTargetID = F5D786CF2448411400739D6D;
					};
				};
			};
			buildConfigurationList = F5D786CB2448411400739D6D /* Build configuration list for PBXProject "NetmeraSample" */;
			compatibilityVersion = "Xcode 9.3";
			developmentRegion = en;
			hasScannedForEncodings = 0;
			knownRegions = (
				en,
				Base,
			);
			mainGroup = F5D786C72448411400739D6D;
			productRefGroup = F5D786D12448411400739D6D /* Products */;
			projectDirPath = "";
			projectRoot = "";
			targets = (
				F5D786CF2448411400739D6D /* NetmeraSample */,
				F5D786E52448411800739D6D /* NetmeraSampleTests */,
				F5D786F02448411800739D6D /* NetmeraSampleUITests */,
				F53419C32448521A0026A4DA /* NetmeraSampleNotificationContentExtension */,
				F53419DA2448522E0026A4DA /* NetmeraSampleNotificationServiceExtension */,
			);
		};
/* End PBXProject section */

/* Begin PBXResourcesBuildPhase section */
		F53419C22448521A0026A4DA /* Resources */ = {
			isa = PBXResourcesBuildPhase;
			buildActionMask = 2147483647;
			files = (
				F53419CE2448521A0026A4DA /* MainInterface.storyboard in Resources */,
			);
			runOnlyForDeploymentPostprocessing = 0;
		};
		F53419D92448522E0026A4DA /* Resources */ = {
			isa = PBXResourcesBuildPhase;
			buildActionMask = 2147483647;
			files = (
			);
			runOnlyForDeploymentPostprocessing = 0;
		};
		F5D786CE2448411400739D6D /* Resources */ = {
			isa = PBXResourcesBuildPhase;
			buildActionMask = 2147483647;
			files = (
				F5D786E02448411700739D6D /* LaunchScreen.storyboard in Resources */,
				F5D786DD2448411700739D6D /* Assets.xcassets in Resources */,
				F53419F424487EE80026A4DA /* InboxTableViewCell.xib in Resources */,
				F5D786DB2448411500739D6D /* Main.storyboard in Resources */,
				F53419F024487E4D0026A4DA /* InboxViewController.xib in Resources */,
			);
			runOnlyForDeploymentPostprocessing = 0;
		};
		F5D786E42448411800739D6D /* Resources */ = {
			isa = PBXResourcesBuildPhase;
			buildActionMask = 2147483647;
			files = (
			);
			runOnlyForDeploymentPostprocessing = 0;
		};
		F5D786EF2448411800739D6D /* Resources */ = {
			isa = PBXResourcesBuildPhase;
			buildActionMask = 2147483647;
			files = (
			);
			runOnlyForDeploymentPostprocessing = 0;
		};
/* End PBXResourcesBuildPhase section */

/* Begin PBXShellScriptBuildPhase section */
		1A1CB7CE8C56557330390FE8 /* [CP] Check Pods Manifest.lock */ = {
			isa = PBXShellScriptBuildPhase;
			buildActionMask = 2147483647;
			files = (
			);
			inputFileListPaths = (
			);
			inputPaths = (
				"${PODS_PODFILE_DIR_PATH}/Podfile.lock",
				"${PODS_ROOT}/Manifest.lock",
			);
			name = "[CP] Check Pods Manifest.lock";
			outputFileListPaths = (
			);
			outputPaths = (
				"$(DERIVED_FILE_DIR)/Pods-NetmeraSampleTests-checkManifestLockResult.txt",
			);
			runOnlyForDeploymentPostprocessing = 0;
			shellPath = /bin/sh;
			shellScript = "diff \"${PODS_PODFILE_DIR_PATH}/Podfile.lock\" \"${PODS_ROOT}/Manifest.lock\" > /dev/null\nif [ $? != 0 ] ; then\n    # print error to STDERR\n    echo \"error: The sandbox is not in sync with the Podfile.lock. Run 'pod install' or update your CocoaPods installation.\" >&2\n    exit 1\nfi\n# This output is used by Xcode 'outputs' to avoid re-running this script phase.\necho \"SUCCESS\" > \"${SCRIPT_OUTPUT_FILE_0}\"\n";
			showEnvVarsInLog = 0;
		};
		380DF6A6C47517A4911FE384 /* [CP] Embed Pods Frameworks */ = {
			isa = PBXShellScriptBuildPhase;
			buildActionMask = 2147483647;
			files = (
			);
			inputFileListPaths = (
				"${PODS_ROOT}/Target Support Files/Pods-NetmeraSample/Pods-NetmeraSample-frameworks-${CONFIGURATION}-input-files.xcfilelist",
			);
			name = "[CP] Embed Pods Frameworks";
			outputFileListPaths = (
				"${PODS_ROOT}/Target Support Files/Pods-NetmeraSample/Pods-NetmeraSample-frameworks-${CONFIGURATION}-output-files.xcfilelist",
			);
			runOnlyForDeploymentPostprocessing = 0;
			shellPath = /bin/sh;
			shellScript = "\"${PODS_ROOT}/Target Support Files/Pods-NetmeraSample/Pods-NetmeraSample-frameworks.sh\"\n";
			showEnvVarsInLog = 0;
		};
		C96C73611FD1636C124E8C83 /* [CP] Check Pods Manifest.lock */ = {
			isa = PBXShellScriptBuildPhase;
			buildActionMask = 2147483647;
			files = (
			);
			inputFileListPaths = (
			);
			inputPaths = (
				"${PODS_PODFILE_DIR_PATH}/Podfile.lock",
				"${PODS_ROOT}/Manifest.lock",
			);
			name = "[CP] Check Pods Manifest.lock";
			outputFileListPaths = (
			);
			outputPaths = (
				"$(DERIVED_FILE_DIR)/Pods-NetmeraSample-checkManifestLockResult.txt",
			);
			runOnlyForDeploymentPostprocessing = 0;
			shellPath = /bin/sh;
			shellScript = "diff \"${PODS_PODFILE_DIR_PATH}/Podfile.lock\" \"${PODS_ROOT}/Manifest.lock\" > /dev/null\nif [ $? != 0 ] ; then\n    # print error to STDERR\n    echo \"error: The sandbox is not in sync with the Podfile.lock. Run 'pod install' or update your CocoaPods installation.\" >&2\n    exit 1\nfi\n# This output is used by Xcode 'outputs' to avoid re-running this script phase.\necho \"SUCCESS\" > \"${SCRIPT_OUTPUT_FILE_0}\"\n";
			showEnvVarsInLog = 0;
		};
		EA8F3CDCF0913EFA8DF02029 /* [CP] Check Pods Manifest.lock */ = {
			isa = PBXShellScriptBuildPhase;
			buildActionMask = 2147483647;
			files = (
			);
			inputFileListPaths = (
			);
			inputPaths = (
				"${PODS_PODFILE_DIR_PATH}/Podfile.lock",
				"${PODS_ROOT}/Manifest.lock",
			);
			name = "[CP] Check Pods Manifest.lock";
			outputFileListPaths = (
			);
			outputPaths = (
				"$(DERIVED_FILE_DIR)/Pods-NetmeraSampleNotificationContentExtension-checkManifestLockResult.txt",
			);
			runOnlyForDeploymentPostprocessing = 0;
			shellPath = /bin/sh;
			shellScript = "diff \"${PODS_PODFILE_DIR_PATH}/Podfile.lock\" \"${PODS_ROOT}/Manifest.lock\" > /dev/null\nif [ $? != 0 ] ; then\n    # print error to STDERR\n    echo \"error: The sandbox is not in sync with the Podfile.lock. Run 'pod install' or update your CocoaPods installation.\" >&2\n    exit 1\nfi\n# This output is used by Xcode 'outputs' to avoid re-running this script phase.\necho \"SUCCESS\" > \"${SCRIPT_OUTPUT_FILE_0}\"\n";
			showEnvVarsInLog = 0;
		};
		F099E6F469140EA6C19AA969 /* [CP] Check Pods Manifest.lock */ = {
			isa = PBXShellScriptBuildPhase;
			buildActionMask = 2147483647;
			files = (
			);
			inputFileListPaths = (
			);
			inputPaths = (
				"${PODS_PODFILE_DIR_PATH}/Podfile.lock",
				"${PODS_ROOT}/Manifest.lock",
			);
			name = "[CP] Check Pods Manifest.lock";
			outputFileListPaths = (
			);
			outputPaths = (
				"$(DERIVED_FILE_DIR)/Pods-NetmeraSampleNotificationServiceExtension-checkManifestLockResult.txt",
			);
			runOnlyForDeploymentPostprocessing = 0;
			shellPath = /bin/sh;
			shellScript = "diff \"${PODS_PODFILE_DIR_PATH}/Podfile.lock\" \"${PODS_ROOT}/Manifest.lock\" > /dev/null\nif [ $? != 0 ] ; then\n    # print error to STDERR\n    echo \"error: The sandbox is not in sync with the Podfile.lock. Run 'pod install' or update your CocoaPods installation.\" >&2\n    exit 1\nfi\n# This output is used by Xcode 'outputs' to avoid re-running this script phase.\necho \"SUCCESS\" > \"${SCRIPT_OUTPUT_FILE_0}\"\n";
			showEnvVarsInLog = 0;
		};
/* End PBXShellScriptBuildPhase section */

/* Begin PBXSourcesBuildPhase section */
		F53419C02448521A0026A4DA /* Sources */ = {
			isa = PBXSourcesBuildPhase;
			buildActionMask = 2147483647;
			files = (
				F53419CB2448521A0026A4DA /* NotificationViewController.swift in Sources */,
			);
			runOnlyForDeploymentPostprocessing = 0;
		};
		F53419D72448522E0026A4DA /* Sources */ = {
			isa = PBXSourcesBuildPhase;
			buildActionMask = 2147483647;
			files = (
				F53419DE2448522E0026A4DA /* NotificationService.swift in Sources */,
			);
			runOnlyForDeploymentPostprocessing = 0;
		};
		F5D786CC2448411400739D6D /* Sources */ = {
			isa = PBXSourcesBuildPhase;
			buildActionMask = 2147483647;
			files = (
				F5D786D82448411500739D6D /* ViewController.swift in Sources */,
				F5D786D42448411400739D6D /* AppDelegate.swift in Sources */,
				F5D786D62448411500739D6D /* SceneDelegate.swift in Sources */,
				F53419F324487EE80026A4DA /* InboxTableViewCell.swift in Sources */,
				F53419EF24487E4D0026A4DA /* InboxViewController.swift in Sources */,
			);
			runOnlyForDeploymentPostprocessing = 0;
		};
		F5D786E22448411800739D6D /* Sources */ = {
			isa = PBXSourcesBuildPhase;
			buildActionMask = 2147483647;
			files = (
				F5D786EB2448411800739D6D /* NetmeraSampleTests.swift in Sources */,
			);
			runOnlyForDeploymentPostprocessing = 0;
		};
		F5D786ED2448411800739D6D /* Sources */ = {
			isa = PBXSourcesBuildPhase;
			buildActionMask = 2147483647;
			files = (
				F5D786F62448411800739D6D /* NetmeraSampleUITests.swift in Sources */,
			);
			runOnlyForDeploymentPostprocessing = 0;
		};
/* End PBXSourcesBuildPhase section */

/* Begin PBXTargetDependency section */
		F53419D12448521A0026A4DA /* PBXTargetDependency */ = {
			isa = PBXTargetDependency;
			target = F53419C32448521A0026A4DA /* NetmeraSampleNotificationContentExtension */;
			targetProxy = F53419D02448521A0026A4DA /* PBXContainerItemProxy */;
		};
		F53419E12448522E0026A4DA /* PBXTargetDependency */ = {
			isa = PBXTargetDependency;
			target = F53419DA2448522E0026A4DA /* NetmeraSampleNotificationServiceExtension */;
			targetProxy = F53419E02448522E0026A4DA /* PBXContainerItemProxy */;
		};
		F5D786E82448411800739D6D /* PBXTargetDependency */ = {
			isa = PBXTargetDependency;
			target = F5D786CF2448411400739D6D /* NetmeraSample */;
			targetProxy = F5D786E72448411800739D6D /* PBXContainerItemProxy */;
		};
		F5D786F32448411800739D6D /* PBXTargetDependency */ = {
			isa = PBXTargetDependency;
			target = F5D786CF2448411400739D6D /* NetmeraSample */;
			targetProxy = F5D786F22448411800739D6D /* PBXContainerItemProxy */;
		};
/* End PBXTargetDependency section */

/* Begin PBXVariantGroup section */
		F53419CC2448521A0026A4DA /* MainInterface.storyboard */ = {
			isa = PBXVariantGroup;
			children = (
				F53419CD2448521A0026A4DA /* Base */,
			);
			name = MainInterface.storyboard;
			sourceTree = "<group>";
		};
		F5D786D92448411500739D6D /* Main.storyboard */ = {
			isa = PBXVariantGroup;
			children = (
				F5D786DA2448411500739D6D /* Base */,
			);
			name = Main.storyboard;
			sourceTree = "<group>";
		};
		F5D786DE2448411700739D6D /* LaunchScreen.storyboard */ = {
			isa = PBXVariantGroup;
			children = (
				F5D786DF2448411700739D6D /* Base */,
			);
			name = LaunchScreen.storyboard;
			sourceTree = "<group>";
		};
/* End PBXVariantGroup section */

/* Begin XCBuildConfiguration section */
		F53419D42448521A0026A4DA /* Debug */ = {
			isa = XCBuildConfiguration;
			baseConfigurationReference = B84CEEB886CD53BDF90C782D /* Pods-NetmeraSampleNotificationContentExtension.debug.xcconfig */;
			buildSettings = {
				CODE_SIGN_ENTITLEMENTS = NetmeraSampleNotificationContentExtension/NetmeraSampleNotificationContentExtension.entitlements;
				CODE_SIGN_STYLE = Automatic;
				DEVELOPMENT_TEAM = 95N24W2PH8;
				INFOPLIST_FILE = NetmeraSampleNotificationContentExtension/Info.plist;
				LD_RUNPATH_SEARCH_PATHS = (
					"$(inherited)",
					"@executable_path/Frameworks",
					"@executable_path/../../Frameworks",
				);
				PRODUCT_BUNDLE_IDENTIFIER = com.netmera.NetmeraSample.NetmeraSampleNotificationContentExtension;
				PRODUCT_NAME = "$(TARGET_NAME)";
				SKIP_INSTALL = YES;
				SWIFT_VERSION = 5.0;
				TARGETED_DEVICE_FAMILY = "1,2";
			};
			name = Debug;
		};
		F53419D52448521A0026A4DA /* Release */ = {
			isa = XCBuildConfiguration;
			baseConfigurationReference = D1EFF4D4E657EF36708A9AF1 /* Pods-NetmeraSampleNotificationContentExtension.release.xcconfig */;
			buildSettings = {
				CODE_SIGN_ENTITLEMENTS = NetmeraSampleNotificationContentExtension/NetmeraSampleNotificationContentExtension.entitlements;
				CODE_SIGN_STYLE = Automatic;
				DEVELOPMENT_TEAM = 95N24W2PH8;
				INFOPLIST_FILE = NetmeraSampleNotificationContentExtension/Info.plist;
				LD_RUNPATH_SEARCH_PATHS = (
					"$(inherited)",
					"@executable_path/Frameworks",
					"@executable_path/../../Frameworks",
				);
				PRODUCT_BUNDLE_IDENTIFIER = com.netmera.NetmeraSample.NetmeraSampleNotificationContentExtension;
				PRODUCT_NAME = "$(TARGET_NAME)";
				SKIP_INSTALL = YES;
				SWIFT_VERSION = 5.0;
				TARGETED_DEVICE_FAMILY = "1,2";
			};
			name = Release;
		};
		F53419E42448522E0026A4DA /* Debug */ = {
			isa = XCBuildConfiguration;
			baseConfigurationReference = A77017613DCAD55EEFBA7485 /* Pods-NetmeraSampleNotificationServiceExtension.debug.xcconfig */;
			buildSettings = {
				CODE_SIGN_STYLE = Automatic;
				DEVELOPMENT_TEAM = 95N24W2PH8;
				INFOPLIST_FILE = NetmeraSampleNotificationServiceExtension/Info.plist;
				LD_RUNPATH_SEARCH_PATHS = (
					"$(inherited)",
					"@executable_path/Frameworks",
					"@executable_path/../../Frameworks",
				);
				PRODUCT_BUNDLE_IDENTIFIER = com.netmera.NetmeraSample.NetmeraSampleNotificationServiceExtension;
				PRODUCT_NAME = "$(TARGET_NAME)";
				SKIP_INSTALL = YES;
				SWIFT_VERSION = 5.0;
				TARGETED_DEVICE_FAMILY = "1,2";
			};
			name = Debug;
		};
		F53419E52448522E0026A4DA /* Release */ = {
			isa = XCBuildConfiguration;
			baseConfigurationReference = 7A777EE4632D2E4343017C04 /* Pods-NetmeraSampleNotificationServiceExtension.release.xcconfig */;
			buildSettings = {
				CODE_SIGN_STYLE = Automatic;
				DEVELOPMENT_TEAM = 95N24W2PH8;
				INFOPLIST_FILE = NetmeraSampleNotificationServiceExtension/Info.plist;
				LD_RUNPATH_SEARCH_PATHS = (
					"$(inherited)",
					"@executable_path/Frameworks",
					"@executable_path/../../Frameworks",
				);
				PRODUCT_BUNDLE_IDENTIFIER = com.netmera.NetmeraSample.NetmeraSampleNotificationServiceExtension;
				PRODUCT_NAME = "$(TARGET_NAME)";
				SKIP_INSTALL = YES;
				SWIFT_VERSION = 5.0;
				TARGETED_DEVICE_FAMILY = "1,2";
			};
			name = Release;
		};
		F5D786F82448411800739D6D /* Debug */ = {
			isa = XCBuildConfiguration;
			buildSettings = {
				ALWAYS_SEARCH_USER_PATHS = NO;
				CLANG_ANALYZER_NONNULL = YES;
				CLANG_ANALYZER_NUMBER_OBJECT_CONVERSION = YES_AGGRESSIVE;
				CLANG_CXX_LANGUAGE_STANDARD = "gnu++14";
				CLANG_CXX_LIBRARY = "libc++";
				CLANG_ENABLE_MODULES = YES;
				CLANG_ENABLE_OBJC_ARC = YES;
				CLANG_ENABLE_OBJC_WEAK = YES;
				CLANG_WARN_BLOCK_CAPTURE_AUTORELEASING = YES;
				CLANG_WARN_BOOL_CONVERSION = YES;
				CLANG_WARN_COMMA = YES;
				CLANG_WARN_CONSTANT_CONVERSION = YES;
				CLANG_WARN_DEPRECATED_OBJC_IMPLEMENTATIONS = YES;
				CLANG_WARN_DIRECT_OBJC_ISA_USAGE = YES_ERROR;
				CLANG_WARN_DOCUMENTATION_COMMENTS = YES;
				CLANG_WARN_EMPTY_BODY = YES;
				CLANG_WARN_ENUM_CONVERSION = YES;
				CLANG_WARN_INFINITE_RECURSION = YES;
				CLANG_WARN_INT_CONVERSION = YES;
				CLANG_WARN_NON_LITERAL_NULL_CONVERSION = YES;
				CLANG_WARN_OBJC_IMPLICIT_RETAIN_SELF = YES;
				CLANG_WARN_OBJC_LITERAL_CONVERSION = YES;
				CLANG_WARN_OBJC_ROOT_CLASS = YES_ERROR;
				CLANG_WARN_RANGE_LOOP_ANALYSIS = YES;
				CLANG_WARN_STRICT_PROTOTYPES = YES;
				CLANG_WARN_SUSPICIOUS_MOVE = YES;
				CLANG_WARN_UNGUARDED_AVAILABILITY = YES_AGGRESSIVE;
				CLANG_WARN_UNREACHABLE_CODE = YES;
				CLANG_WARN__DUPLICATE_METHOD_MATCH = YES;
				COPY_PHASE_STRIP = NO;
				DEBUG_INFORMATION_FORMAT = dwarf;
				ENABLE_STRICT_OBJC_MSGSEND = YES;
				ENABLE_TESTABILITY = YES;
				GCC_C_LANGUAGE_STANDARD = gnu11;
				GCC_DYNAMIC_NO_PIC = NO;
				GCC_NO_COMMON_BLOCKS = YES;
				GCC_OPTIMIZATION_LEVEL = 0;
				GCC_PREPROCESSOR_DEFINITIONS = (
					"DEBUG=1",
					"$(inherited)",
				);
				GCC_WARN_64_TO_32_BIT_CONVERSION = YES;
				GCC_WARN_ABOUT_RETURN_TYPE = YES_ERROR;
				GCC_WARN_UNDECLARED_SELECTOR = YES;
				GCC_WARN_UNINITIALIZED_AUTOS = YES_AGGRESSIVE;
				GCC_WARN_UNUSED_FUNCTION = YES;
				GCC_WARN_UNUSED_VARIABLE = YES;
				IPHONEOS_DEPLOYMENT_TARGET = 13.4;
				MTL_ENABLE_DEBUG_INFO = INCLUDE_SOURCE;
				MTL_FAST_MATH = YES;
				ONLY_ACTIVE_ARCH = YES;
				SDKROOT = iphoneos;
				SWIFT_ACTIVE_COMPILATION_CONDITIONS = DEBUG;
				SWIFT_OPTIMIZATION_LEVEL = "-Onone";
			};
			name = Debug;
		};
		F5D786F92448411800739D6D /* Release */ = {
			isa = XCBuildConfiguration;
			buildSettings = {
				ALWAYS_SEARCH_USER_PATHS = NO;
				CLANG_ANALYZER_NONNULL = YES;
				CLANG_ANALYZER_NUMBER_OBJECT_CONVERSION = YES_AGGRESSIVE;
				CLANG_CXX_LANGUAGE_STANDARD = "gnu++14";
				CLANG_CXX_LIBRARY = "libc++";
				CLANG_ENABLE_MODULES = YES;
				CLANG_ENABLE_OBJC_ARC = YES;
				CLANG_ENABLE_OBJC_WEAK = YES;
				CLANG_WARN_BLOCK_CAPTURE_AUTORELEASING = YES;
				CLANG_WARN_BOOL_CONVERSION = YES;
				CLANG_WARN_COMMA = YES;
				CLANG_WARN_CONSTANT_CONVERSION = YES;
				CLANG_WARN_DEPRECATED_OBJC_IMPLEMENTATIONS = YES;
				CLANG_WARN_DIRECT_OBJC_ISA_USAGE = YES_ERROR;
				CLANG_WARN_DOCUMENTATION_COMMENTS = YES;
				CLANG_WARN_EMPTY_BODY = YES;
				CLANG_WARN_ENUM_CONVERSION = YES;
				CLANG_WARN_INFINITE_RECURSION = YES;
				CLANG_WARN_INT_CONVERSION = YES;
				CLANG_WARN_NON_LITERAL_NULL_CONVERSION = YES;
				CLANG_WARN_OBJC_IMPLICIT_RETAIN_SELF = YES;
				CLANG_WARN_OBJC_LITERAL_CONVERSION = YES;
				CLANG_WARN_OBJC_ROOT_CLASS = YES_ERROR;
				CLANG_WARN_RANGE_LOOP_ANALYSIS = YES;
				CLANG_WARN_STRICT_PROTOTYPES = YES;
				CLANG_WARN_SUSPICIOUS_MOVE = YES;
				CLANG_WARN_UNGUARDED_AVAILABILITY = YES_AGGRESSIVE;
				CLANG_WARN_UNREACHABLE_CODE = YES;
				CLANG_WARN__DUPLICATE_METHOD_MATCH = YES;
				COPY_PHASE_STRIP = NO;
				DEBUG_INFORMATION_FORMAT = "dwarf-with-dsym";
				ENABLE_NS_ASSERTIONS = NO;
				ENABLE_STRICT_OBJC_MSGSEND = YES;
				GCC_C_LANGUAGE_STANDARD = gnu11;
				GCC_NO_COMMON_BLOCKS = YES;
				GCC_WARN_64_TO_32_BIT_CONVERSION = YES;
				GCC_WARN_ABOUT_RETURN_TYPE = YES_ERROR;
				GCC_WARN_UNDECLARED_SELECTOR = YES;
				GCC_WARN_UNINITIALIZED_AUTOS = YES_AGGRESSIVE;
				GCC_WARN_UNUSED_FUNCTION = YES;
				GCC_WARN_UNUSED_VARIABLE = YES;
				IPHONEOS_DEPLOYMENT_TARGET = 13.4;
				MTL_ENABLE_DEBUG_INFO = NO;
				MTL_FAST_MATH = YES;
				SDKROOT = iphoneos;
				SWIFT_COMPILATION_MODE = wholemodule;
				SWIFT_OPTIMIZATION_LEVEL = "-O";
				VALIDATE_PRODUCT = YES;
			};
			name = Release;
		};
		F5D786FB2448411800739D6D /* Debug */ = {
			isa = XCBuildConfiguration;
			baseConfigurationReference = 7EEDCC59510BAD05633D632F /* Pods-NetmeraSample.debug.xcconfig */;
			buildSettings = {
				ALWAYS_EMBED_SWIFT_STANDARD_LIBRARIES = YES;
				ASSETCATALOG_COMPILER_APPICON_NAME = AppIcon;
				CODE_SIGN_ENTITLEMENTS = NetmeraSample/NetmeraSample.entitlements;
				CODE_SIGN_STYLE = Automatic;
				DEVELOPMENT_TEAM = 95N24W2PH8;
				INFOPLIST_FILE = NetmeraSample/Info.plist;
				LD_RUNPATH_SEARCH_PATHS = (
					"$(inherited)",
					"@executable_path/Frameworks",
				);
				PRODUCT_BUNDLE_IDENTIFIER = com.netmera.NetmeraSample;
				PRODUCT_NAME = "$(TARGET_NAME)";
				SWIFT_VERSION = 5.0;
				TARGETED_DEVICE_FAMILY = "1,2";
			};
			name = Debug;
		};
		F5D786FC2448411800739D6D /* Release */ = {
			isa = XCBuildConfiguration;
			baseConfigurationReference = C2B1B70A1E34703A4777F8FC /* Pods-NetmeraSample.release.xcconfig */;
			buildSettings = {
				ALWAYS_EMBED_SWIFT_STANDARD_LIBRARIES = YES;
				ASSETCATALOG_COMPILER_APPICON_NAME = AppIcon;
				CODE_SIGN_ENTITLEMENTS = NetmeraSample/NetmeraSample.entitlements;
				CODE_SIGN_STYLE = Automatic;
				DEVELOPMENT_TEAM = 95N24W2PH8;
				INFOPLIST_FILE = NetmeraSample/Info.plist;
				LD_RUNPATH_SEARCH_PATHS = (
					"$(inherited)",
					"@executable_path/Frameworks",
				);
				PRODUCT_BUNDLE_IDENTIFIER = com.netmera.NetmeraSample;
				PRODUCT_NAME = "$(TARGET_NAME)";
				SWIFT_VERSION = 5.0;
				TARGETED_DEVICE_FAMILY = "1,2";
			};
			name = Release;
		};
		F5D786FE2448411800739D6D /* Debug */ = {
			isa = XCBuildConfiguration;
			baseConfigurationReference = CD96B9780B2BAA44AF157AAD /* Pods-NetmeraSampleTests.debug.xcconfig */;
			buildSettings = {
				ALWAYS_EMBED_SWIFT_STANDARD_LIBRARIES = YES;
				BUNDLE_LOADER = "$(TEST_HOST)";
				CODE_SIGN_STYLE = Automatic;
				DEVELOPMENT_TEAM = 95N24W2PH8;
				INFOPLIST_FILE = NetmeraSampleTests/Info.plist;
				IPHONEOS_DEPLOYMENT_TARGET = 13.4;
				LD_RUNPATH_SEARCH_PATHS = (
					"$(inherited)",
					"@executable_path/Frameworks",
					"@loader_path/Frameworks",
				);
				PRODUCT_BUNDLE_IDENTIFIER = com.netmera.NetmeraSampleTests;
				PRODUCT_NAME = "$(TARGET_NAME)";
				SWIFT_VERSION = 5.0;
				TARGETED_DEVICE_FAMILY = "1,2";
				TEST_HOST = "$(BUILT_PRODUCTS_DIR)/NetmeraSample.app/NetmeraSample";
			};
			name = Debug;
		};
		F5D786FF2448411800739D6D /* Release */ = {
			isa = XCBuildConfiguration;
			baseConfigurationReference = 79F2EE1270C5786BCCBC7BC3 /* Pods-NetmeraSampleTests.release.xcconfig */;
			buildSettings = {
				ALWAYS_EMBED_SWIFT_STANDARD_LIBRARIES = YES;
				BUNDLE_LOADER = "$(TEST_HOST)";
				CODE_SIGN_STYLE = Automatic;
				DEVELOPMENT_TEAM = 95N24W2PH8;
				INFOPLIST_FILE = NetmeraSampleTests/Info.plist;
				IPHONEOS_DEPLOYMENT_TARGET = 13.4;
				LD_RUNPATH_SEARCH_PATHS = (
					"$(inherited)",
					"@executable_path/Frameworks",
					"@loader_path/Frameworks",
				);
				PRODUCT_BUNDLE_IDENTIFIER = com.netmera.NetmeraSampleTests;
				PRODUCT_NAME = "$(TARGET_NAME)";
				SWIFT_VERSION = 5.0;
				TARGETED_DEVICE_FAMILY = "1,2";
				TEST_HOST = "$(BUILT_PRODUCTS_DIR)/NetmeraSample.app/NetmeraSample";
			};
			name = Release;
		};
		F5D787012448411800739D6D /* Debug */ = {
			isa = XCBuildConfiguration;
			buildSettings = {
				ALWAYS_EMBED_SWIFT_STANDARD_LIBRARIES = YES;
				CODE_SIGN_STYLE = Automatic;
				DEVELOPMENT_TEAM = 95N24W2PH8;
				INFOPLIST_FILE = NetmeraSampleUITests/Info.plist;
				LD_RUNPATH_SEARCH_PATHS = (
					"$(inherited)",
					"@executable_path/Frameworks",
					"@loader_path/Frameworks",
				);
				PRODUCT_BUNDLE_IDENTIFIER = com.netmera.NetmeraSampleUITests;
				PRODUCT_NAME = "$(TARGET_NAME)";
				SWIFT_VERSION = 5.0;
				TARGETED_DEVICE_FAMILY = "1,2";
				TEST_TARGET_NAME = NetmeraSample;
			};
			name = Debug;
		};
		F5D787022448411800739D6D /* Release */ = {
			isa = XCBuildConfiguration;
			buildSettings = {
				ALWAYS_EMBED_SWIFT_STANDARD_LIBRARIES = YES;
				CODE_SIGN_STYLE = Automatic;
				DEVELOPMENT_TEAM = 95N24W2PH8;
				INFOPLIST_FILE = NetmeraSampleUITests/Info.plist;
				LD_RUNPATH_SEARCH_PATHS = (
					"$(inherited)",
					"@executable_path/Frameworks",
					"@loader_path/Frameworks",
				);
				PRODUCT_BUNDLE_IDENTIFIER = com.netmera.NetmeraSampleUITests;
				PRODUCT_NAME = "$(TARGET_NAME)";
				SWIFT_VERSION = 5.0;
				TARGETED_DEVICE_FAMILY = "1,2";
				TEST_TARGET_NAME = NetmeraSample;
			};
			name = Release;
		};
/* End XCBuildConfiguration section */

/* Begin XCConfigurationList section */
		F53419D32448521A0026A4DA /* Build configuration list for PBXNativeTarget "NetmeraSampleNotificationContentExtension" */ = {
			isa = XCConfigurationList;
			buildConfigurations = (
				F53419D42448521A0026A4DA /* Debug */,
				F53419D52448521A0026A4DA /* Release */,
			);
			defaultConfigurationIsVisible = 0;
			defaultConfigurationName = Release;
		};
		F53419E32448522E0026A4DA /* Build configuration list for PBXNativeTarget "NetmeraSampleNotificationServiceExtension" */ = {
			isa = XCConfigurationList;
			buildConfigurations = (
				F53419E42448522E0026A4DA /* Debug */,
				F53419E52448522E0026A4DA /* Release */,
			);
			defaultConfigurationIsVisible = 0;
			defaultConfigurationName = Release;
		};
		F5D786CB2448411400739D6D /* Build configuration list for PBXProject "NetmeraSample" */ = {
			isa = XCConfigurationList;
			buildConfigurations = (
				F5D786F82448411800739D6D /* Debug */,
				F5D786F92448411800739D6D /* Release */,
			);
			defaultConfigurationIsVisible = 0;
			defaultConfigurationName = Release;
		};
		F5D786FA2448411800739D6D /* Build configuration list for PBXNativeTarget "NetmeraSample" */ = {
			isa = XCConfigurationList;
			buildConfigurations = (
				F5D786FB2448411800739D6D /* Debug */,
				F5D786FC2448411800739D6D /* Release */,
			);
			defaultConfigurationIsVisible = 0;
			defaultConfigurationName = Release;
		};
		F5D786FD2448411800739D6D /* Build configuration list for PBXNativeTarget "NetmeraSampleTests" */ = {
			isa = XCConfigurationList;
			buildConfigurations = (
				F5D786FE2448411800739D6D /* Debug */,
				F5D786FF2448411800739D6D /* Release */,
			);
			defaultConfigurationIsVisible = 0;
			defaultConfigurationName = Release;
		};
		F5D787002448411800739D6D /* Build configuration list for PBXNativeTarget "NetmeraSampleUITests" */ = {
			isa = XCConfigurationList;
			buildConfigurations = (
				F5D787012448411800739D6D /* Debug */,
				F5D787022448411800739D6D /* Release */,
			);
			defaultConfigurationIsVisible = 0;
			defaultConfigurationName = Release;
		};
/* End XCConfigurationList section */
	};
	rootObject = F5D786C82448411400739D6D /* Project object */;
}
